// !$*UTF8*$!
{
	archiveVersion = 1;
	classes = {
	};
	objectVersion = 51;
	objects = {

/* Begin PBXBuildFile section */
		6D28A57E2791D32C00D58838 /* AppError.swift in Sources */ = {isa = PBXBuildFile; fileRef = 6D28A57D2791D32C00D58838 /* AppError.swift */; };
		6D28A5822791F46100D58838 /* AuthConstants.swift in Sources */ = {isa = PBXBuildFile; fileRef = 6D28A5812791F46100D58838 /* AuthConstants.swift */; };
		6D28A5852791FE7100D58838 /* UserRequest.swift in Sources */ = {isa = PBXBuildFile; fileRef = 6D28A5842791FE7100D58838 /* UserRequest.swift */; };
		6D4251C1278E4F4D008AC707 /* GoogleService-Info.plist in Resources */ = {isa = PBXBuildFile; fileRef = 6D4251C0278E4F4D008AC707 /* GoogleService-Info.plist */; };
		6D4251C6278F4D72008AC707 /* AuthInteractor.swift in Sources */ = {isa = PBXBuildFile; fileRef = 6D4251C5278F4D72008AC707 /* AuthInteractor.swift */; };
		6D4251C9278F4DE3008AC707 /* AuthRemoteDataSource.swift in Sources */ = {isa = PBXBuildFile; fileRef = 6D4251C8278F4DE3008AC707 /* AuthRemoteDataSource.swift */; };
		6D4251CC278F517F008AC707 /* AuthRequest.swift in Sources */ = {isa = PBXBuildFile; fileRef = 6D4251CB278F517F008AC707 /* AuthRequest.swift */; };
		6D4251CE278F87D1008AC707 /* AuthUIState.swift in Sources */ = {isa = PBXBuildFile; fileRef = 6D4251CD278F87D1008AC707 /* AuthUIState.swift */; };
		6D4251D5278F8EDD008AC707 /* AlertView.swift in Sources */ = {isa = PBXBuildFile; fileRef = 6D4251D4278F8EDD008AC707 /* AlertView.swift */; };
		6D4251D9278F9CF3008AC707 /* LoadingButton.swift in Sources */ = {isa = PBXBuildFile; fileRef = 6D4251D8278F9CF3008AC707 /* LoadingButton.swift */; };
		6D4251DD278FB1FE008AC707 /* FirebaseManager.swift in Sources */ = {isa = PBXBuildFile; fileRef = 6D4251DC278FB1FD008AC707 /* FirebaseManager.swift */; };
		6D4251E0278FB728008AC707 /* ImagePicker.swift in Sources */ = {isa = PBXBuildFile; fileRef = 6D4251DF278FB728008AC707 /* ImagePicker.swift */; };
		6D4251E2278FB741008AC707 /* ImagePickerCoordinator.swift in Sources */ = {isa = PBXBuildFile; fileRef = 6D4251E1278FB741008AC707 /* ImagePickerCoordinator.swift */; };
		6D80919A278D18C2009D5498 /* R.generated.swift in Sources */ = {isa = PBXBuildFile; fileRef = 6D809199278D18C2009D5498 /* R.generated.swift */; };
		6DA495EA277E6D0C005A8EDB /* swwiftui_firebase_chatApp.swift in Sources */ = {isa = PBXBuildFile; fileRef = 6DA495E9277E6D0C005A8EDB /* swwiftui_firebase_chatApp.swift */; };
		6DA495EE277E6D11005A8EDB /* Assets.xcassets in Resources */ = {isa = PBXBuildFile; fileRef = 6DA495ED277E6D11005A8EDB /* Assets.xcassets */; };
		6DA495F1277E6D11005A8EDB /* Preview Assets.xcassets in Resources */ = {isa = PBXBuildFile; fileRef = 6DA495F0277E6D11005A8EDB /* Preview Assets.xcassets */; };
		6DA49603277E7069005A8EDB /* AuthView.swift in Sources */ = {isa = PBXBuildFile; fileRef = 6DA49602277E7069005A8EDB /* AuthView.swift */; };
		6DA4960B277E76F6005A8EDB /* Localizable.strings in Resources */ = {isa = PBXBuildFile; fileRef = 6DA4960A277E76F6005A8EDB /* Localizable.strings */; };
		6DA49610277E9835005A8EDB /* AuthViewModel.swift in Sources */ = {isa = PBXBuildFile; fileRef = 6DA4960F277E9835005A8EDB /* AuthViewModel.swift */; };
		B493728BBFF5176315BCA1E9 /* Pods_swwiftui_firebase_chat.framework in Frameworks */ = {isa = PBXBuildFile; fileRef = 11FC8FDCD70119A021A9498E /* Pods_swwiftui_firebase_chat.framework */; };
/* End PBXBuildFile section */

/* Begin PBXFileReference section */
		11FC8FDCD70119A021A9498E /* Pods_swwiftui_firebase_chat.framework */ = {isa = PBXFileReference; explicitFileType = wrapper.framework; includeInIndex = 0; path = Pods_swwiftui_firebase_chat.framework; sourceTree = BUILT_PRODUCTS_DIR; };
		6D28A57D2791D32C00D58838 /* AppError.swift */ = {isa = PBXFileReference; lastKnownFileType = sourcecode.swift; path = AppError.swift; sourceTree = "<group>"; };
		6D28A5812791F46100D58838 /* AuthConstants.swift */ = {isa = PBXFileReference; lastKnownFileType = sourcecode.swift; path = AuthConstants.swift; sourceTree = "<group>"; };
		6D28A5842791FE7100D58838 /* UserRequest.swift */ = {isa = PBXFileReference; lastKnownFileType = sourcecode.swift; path = UserRequest.swift; sourceTree = "<group>"; };
		6D4251C0278E4F4D008AC707 /* GoogleService-Info.plist */ = {isa = PBXFileReference; fileEncoding = 4; lastKnownFileType = text.plist.xml; path = "GoogleService-Info.plist"; sourceTree = "<group>"; };
		6D4251C5278F4D72008AC707 /* AuthInteractor.swift */ = {isa = PBXFileReference; lastKnownFileType = sourcecode.swift; path = AuthInteractor.swift; sourceTree = "<group>"; };
		6D4251C8278F4DE3008AC707 /* AuthRemoteDataSource.swift */ = {isa = PBXFileReference; lastKnownFileType = sourcecode.swift; path = AuthRemoteDataSource.swift; sourceTree = "<group>"; };
		6D4251CB278F517F008AC707 /* AuthRequest.swift */ = {isa = PBXFileReference; lastKnownFileType = sourcecode.swift; path = AuthRequest.swift; sourceTree = "<group>"; };
		6D4251CD278F87D1008AC707 /* AuthUIState.swift */ = {isa = PBXFileReference; lastKnownFileType = sourcecode.swift; path = AuthUIState.swift; sourceTree = "<group>"; };
		6D4251D4278F8EDD008AC707 /* AlertView.swift */ = {isa = PBXFileReference; lastKnownFileType = sourcecode.swift; path = AlertView.swift; sourceTree = "<group>"; };
		6D4251D8278F9CF3008AC707 /* LoadingButton.swift */ = {isa = PBXFileReference; lastKnownFileType = sourcecode.swift; path = LoadingButton.swift; sourceTree = "<group>"; };
		6D4251DC278FB1FD008AC707 /* FirebaseManager.swift */ = {isa = PBXFileReference; lastKnownFileType = sourcecode.swift; path = FirebaseManager.swift; sourceTree = "<group>"; };
		6D4251DF278FB728008AC707 /* ImagePicker.swift */ = {isa = PBXFileReference; lastKnownFileType = sourcecode.swift; path = ImagePicker.swift; sourceTree = "<group>"; };
		6D4251E1278FB741008AC707 /* ImagePickerCoordinator.swift */ = {isa = PBXFileReference; lastKnownFileType = sourcecode.swift; path = ImagePickerCoordinator.swift; sourceTree = "<group>"; };
		6D809199278D18C2009D5498 /* R.generated.swift */ = {isa = PBXFileReference; fileEncoding = 4; lastKnownFileType = sourcecode.swift; path = R.generated.swift; sourceTree = "<group>"; };
		6DA495E6277E6D0C005A8EDB /* swwiftui-firebase-chat.app */ = {isa = PBXFileReference; explicitFileType = wrapper.application; includeInIndex = 0; path = "swwiftui-firebase-chat.app"; sourceTree = BUILT_PRODUCTS_DIR; };
		6DA495E9277E6D0C005A8EDB /* swwiftui_firebase_chatApp.swift */ = {isa = PBXFileReference; lastKnownFileType = sourcecode.swift; path = swwiftui_firebase_chatApp.swift; sourceTree = "<group>"; };
		6DA495ED277E6D11005A8EDB /* Assets.xcassets */ = {isa = PBXFileReference; lastKnownFileType = folder.assetcatalog; path = Assets.xcassets; sourceTree = "<group>"; };
		6DA495F0277E6D11005A8EDB /* Preview Assets.xcassets */ = {isa = PBXFileReference; lastKnownFileType = folder.assetcatalog; path = "Preview Assets.xcassets"; sourceTree = "<group>"; };
		6DA495F2277E6D11005A8EDB /* Info.plist */ = {isa = PBXFileReference; lastKnownFileType = text.plist.xml; path = Info.plist; sourceTree = "<group>"; };
		6DA49602277E7069005A8EDB /* AuthView.swift */ = {isa = PBXFileReference; lastKnownFileType = sourcecode.swift; path = AuthView.swift; sourceTree = "<group>"; };
		6DA4960A277E76F6005A8EDB /* Localizable.strings */ = {isa = PBXFileReference; lastKnownFileType = text.plist.strings; path = Localizable.strings; sourceTree = "<group>"; };
		6DA4960F277E9835005A8EDB /* AuthViewModel.swift */ = {isa = PBXFileReference; lastKnownFileType = sourcecode.swift; path = AuthViewModel.swift; sourceTree = "<group>"; };
		D15ED06742F44F651893B50A /* Pods-swwiftui-firebase-chat.release.xcconfig */ = {isa = PBXFileReference; includeInIndex = 1; lastKnownFileType = text.xcconfig; name = "Pods-swwiftui-firebase-chat.release.xcconfig"; path = "Target Support Files/Pods-swwiftui-firebase-chat/Pods-swwiftui-firebase-chat.release.xcconfig"; sourceTree = "<group>"; };
		F5D1CDB4CF629192B05A2CF8 /* Pods-swwiftui-firebase-chat.debug.xcconfig */ = {isa = PBXFileReference; includeInIndex = 1; lastKnownFileType = text.xcconfig; name = "Pods-swwiftui-firebase-chat.debug.xcconfig"; path = "Target Support Files/Pods-swwiftui-firebase-chat/Pods-swwiftui-firebase-chat.debug.xcconfig"; sourceTree = "<group>"; };
/* End PBXFileReference section */

/* Begin PBXFrameworksBuildPhase section */
		6DA495E3277E6D0C005A8EDB /* Frameworks */ = {
			isa = PBXFrameworksBuildPhase;
			buildActionMask = 2147483647;
			files = (
				B493728BBFF5176315BCA1E9 /* Pods_swwiftui_firebase_chat.framework in Frameworks */,
			);
			runOnlyForDeploymentPostprocessing = 0;
		};
/* End PBXFrameworksBuildPhase section */

/* Begin PBXGroup section */
		6D28A57B2791D31800D58838 /* Model */ = {
			isa = PBXGroup;
			children = (
				6D28A57D2791D32C00D58838 /* AppError.swift */,
			);
			path = Model;
			sourceTree = "<group>";
		};
		6D28A57F2791F43800D58838 /* Constant */ = {
			isa = PBXGroup;
			children = (
				6D28A5812791F46100D58838 /* AuthConstants.swift */,
			);
			path = Constant;
			sourceTree = "<group>";
		};
		6D4251C2278F4CF8008AC707 /* Interactor */ = {
			isa = PBXGroup;
			children = (
				6D4251C5278F4D72008AC707 /* AuthInteractor.swift */,
			);
			path = Interactor;
			sourceTree = "<group>";
		};
		6D4251C3278F4D02008AC707 /* DataSource */ = {
			isa = PBXGroup;
			children = (
				6D4251C8278F4DE3008AC707 /* AuthRemoteDataSource.swift */,
			);
			path = DataSource;
			sourceTree = "<group>";
		};
		6D4251CF278F8D05008AC707 /* Common */ = {
			isa = PBXGroup;
			children = (
				6D28A57B2791D31800D58838 /* Model */,
				6D4251D0278F8D17008AC707 /* Component */,
			);
			path = Common;
			sourceTree = "<group>";
		};
		6D4251D0278F8D17008AC707 /* Component */ = {
			isa = PBXGroup;
			children = (
				6D4251DE278FB702008AC707 /* ImagePicker */,
				6D4251D6278F9CDC008AC707 /* LoadingButton */,
				6D4251D1278F8D25008AC707 /* Alert */,
			);
			path = Component;
			sourceTree = "<group>";
		};
		6D4251D1278F8D25008AC707 /* Alert */ = {
			isa = PBXGroup;
			children = (
				6D4251D4278F8EDD008AC707 /* AlertView.swift */,
			);
			path = Alert;
			sourceTree = "<group>";
		};
		6D4251D6278F9CDC008AC707 /* LoadingButton */ = {
			isa = PBXGroup;
			children = (
				6D4251D8278F9CF3008AC707 /* LoadingButton.swift */,
			);
			path = LoadingButton;
			sourceTree = "<group>";
		};
		6D4251DA278FB1B0008AC707 /* Network */ = {
			isa = PBXGroup;
			children = (
				6D4251DB278FB1C5008AC707 /* Firebase */,
			);
			path = Network;
			sourceTree = "<group>";
		};
		6D4251DB278FB1C5008AC707 /* Firebase */ = {
			isa = PBXGroup;
			children = (
				6D4251DC278FB1FD008AC707 /* FirebaseManager.swift */,
			);
			path = Firebase;
			sourceTree = "<group>";
		};
		6D4251DE278FB702008AC707 /* ImagePicker */ = {
			isa = PBXGroup;
			children = (
				6D4251DF278FB728008AC707 /* ImagePicker.swift */,
				6D4251E1278FB741008AC707 /* ImagePickerCoordinator.swift */,
			);
			path = ImagePicker;
			sourceTree = "<group>";
		};
		6DA495DD277E6D0B005A8EDB = {
			isa = PBXGroup;
			children = (
				6DA495E8277E6D0C005A8EDB /* swwiftui-firebase-chat */,
				6DA495E7277E6D0C005A8EDB /* Products */,
				BB940F9776561665184596AD /* Pods */,
				81C8B30D512B5012EE827826 /* Frameworks */,
			);
			sourceTree = "<group>";
		};
		6DA495E7277E6D0C005A8EDB /* Products */ = {
			isa = PBXGroup;
			children = (
				6DA495E6277E6D0C005A8EDB /* swwiftui-firebase-chat.app */,
			);
			name = Products;
			sourceTree = "<group>";
		};
		6DA495E8277E6D0C005A8EDB /* swwiftui-firebase-chat */ = {
			isa = PBXGroup;
			children = (
				6DA495F8277E6F0A005A8EDB /* Resources */,
				6DA495F9277E6F1A005A8EDB /* Sources */,
				6DA495F2277E6D11005A8EDB /* Info.plist */,
				6D4251C0278E4F4D008AC707 /* GoogleService-Info.plist */,
				6DA495EF277E6D11005A8EDB /* Preview Content */,
			);
			path = "swwiftui-firebase-chat";
			sourceTree = "<group>";
		};
		6DA495EF277E6D11005A8EDB /* Preview Content */ = {
			isa = PBXGroup;
			children = (
				6DA495F0277E6D11005A8EDB /* Preview Assets.xcassets */,
			);
			path = "Preview Content";
			sourceTree = "<group>";
		};
		6DA495F8277E6F0A005A8EDB /* Resources */ = {
			isa = PBXGroup;
			children = (
				6DA49607277E7493005A8EDB /* Strings */,
				6DA495FC277E6F54005A8EDB /* Assets */,
				6D809199278D18C2009D5498 /* R.generated.swift */,
			);
			path = Resources;
			sourceTree = "<group>";
		};
		6DA495F9277E6F1A005A8EDB /* Sources */ = {
			isa = PBXGroup;
			children = (
				6DA495FA277E6F2B005A8EDB /* Application */,
				6D4251CF278F8D05008AC707 /* Common */,
				6DA495FB277E6F33005A8EDB /* Modules */,
				6D4251DA278FB1B0008AC707 /* Network */,
			);
			path = Sources;
			sourceTree = "<group>";
		};
		6DA495FA277E6F2B005A8EDB /* Application */ = {
			isa = PBXGroup;
			children = (
				6DA495E9277E6D0C005A8EDB /* swwiftui_firebase_chatApp.swift */,
			);
			path = Application;
			sourceTree = "<group>";
		};
		6DA495FB277E6F33005A8EDB /* Modules */ = {
			isa = PBXGroup;
			children = (
				6DA495FD277E6FBA005A8EDB /* Authentication */,
			);
			path = Modules;
			sourceTree = "<group>";
		};
		6DA495FC277E6F54005A8EDB /* Assets */ = {
			isa = PBXGroup;
			children = (
				6DA495ED277E6D11005A8EDB /* Assets.xcassets */,
			);
			path = Assets;
			sourceTree = "<group>";
		};
		6DA495FD277E6FBA005A8EDB /* Authentication */ = {
			isa = PBXGroup;
			children = (
				6D28A57F2791F43800D58838 /* Constant */,
				6D4251C3278F4D02008AC707 /* DataSource */,
				6D4251C2278F4CF8008AC707 /* Interactor */,
				6DA49600277E6FD7005A8EDB /* Model */,
				6DA495FF277E6FD2005A8EDB /* View */,
				6DA495FE277E6FC7005A8EDB /* ViewModel */,
			);
			path = Authentication;
			sourceTree = "<group>";
		};
		6DA495FE277E6FC7005A8EDB /* ViewModel */ = {
			isa = PBXGroup;
			children = (
				6DA4960F277E9835005A8EDB /* AuthViewModel.swift */,
			);
			path = ViewModel;
			sourceTree = "<group>";
		};
		6DA495FF277E6FD2005A8EDB /* View */ = {
			isa = PBXGroup;
			children = (
				6DA49602277E7069005A8EDB /* AuthView.swift */,
			);
			path = View;
			sourceTree = "<group>";
		};
		6DA49600277E6FD7005A8EDB /* Model */ = {
			isa = PBXGroup;
			children = (
				6D4251CB278F517F008AC707 /* AuthRequest.swift */,
				6D4251CD278F87D1008AC707 /* AuthUIState.swift */,
				6D28A5842791FE7100D58838 /* UserRequest.swift */,
			);
			path = Model;
			sourceTree = "<group>";
		};
		6DA49607277E7493005A8EDB /* Strings */ = {
			isa = PBXGroup;
			children = (
				6DA4960A277E76F6005A8EDB /* Localizable.strings */,
			);
			path = Strings;
			sourceTree = "<group>";
		};
		81C8B30D512B5012EE827826 /* Frameworks */ = {
			isa = PBXGroup;
			children = (
				11FC8FDCD70119A021A9498E /* Pods_swwiftui_firebase_chat.framework */,
			);
			name = Frameworks;
			sourceTree = "<group>";
		};
		BB940F9776561665184596AD /* Pods */ = {
			isa = PBXGroup;
			children = (
				F5D1CDB4CF629192B05A2CF8 /* Pods-swwiftui-firebase-chat.debug.xcconfig */,
				D15ED06742F44F651893B50A /* Pods-swwiftui-firebase-chat.release.xcconfig */,
			);
			path = Pods;
			sourceTree = "<group>";
		};
/* End PBXGroup section */

/* Begin PBXNativeTarget section */
		6DA495E5277E6D0C005A8EDB /* swwiftui-firebase-chat */ = {
			isa = PBXNativeTarget;
			buildConfigurationList = 6DA495F5277E6D11005A8EDB /* Build configuration list for PBXNativeTarget "swwiftui-firebase-chat" */;
			buildPhases = (
				C588049FA4257348C6E4774A /* [CP] Check Pods Manifest.lock */,
				6DA49604277E72C6005A8EDB /* ShellScript */,
				6DA495E2277E6D0C005A8EDB /* Sources */,
				6DA495E3277E6D0C005A8EDB /* Frameworks */,
				6DA495E4277E6D0C005A8EDB /* Resources */,
				26BFC09538D24B379E6771EF /* [CP] Embed Pods Frameworks */,
			);
			buildRules = (
			);
			dependencies = (
			);
			name = "swwiftui-firebase-chat";
			productName = "swwiftui-firebase-chat";
			productReference = 6DA495E6277E6D0C005A8EDB /* swwiftui-firebase-chat.app */;
			productType = "com.apple.product-type.application";
		};
/* End PBXNativeTarget section */

/* Begin PBXProject section */
		6DA495DE277E6D0B005A8EDB /* Project object */ = {
			isa = PBXProject;
			attributes = {
				LastSwiftUpdateCheck = 1250;
				LastUpgradeCheck = 1250;
				TargetAttributes = {
					6DA495E5277E6D0C005A8EDB = {
						CreatedOnToolsVersion = 12.5;
					};
				};
			};
			buildConfigurationList = 6DA495E1277E6D0B005A8EDB /* Build configuration list for PBXProject "swwiftui-firebase-chat" */;
			compatibilityVersion = "Xcode 9.3";
			developmentRegion = en;
			hasScannedForEncodings = 0;
			knownRegions = (
				en,
				Base,
			);
			mainGroup = 6DA495DD277E6D0B005A8EDB;
			productRefGroup = 6DA495E7277E6D0C005A8EDB /* Products */;
			projectDirPath = "";
			projectRoot = "";
			targets = (
				6DA495E5277E6D0C005A8EDB /* swwiftui-firebase-chat */,
			);
		};
/* End PBXProject section */

/* Begin PBXResourcesBuildPhase section */
		6DA495E4277E6D0C005A8EDB /* Resources */ = {
			isa = PBXResourcesBuildPhase;
			buildActionMask = 2147483647;
			files = (
				6DA495F1277E6D11005A8EDB /* Preview Assets.xcassets in Resources */,
				6D4251C1278E4F4D008AC707 /* GoogleService-Info.plist in Resources */,
				6DA4960B277E76F6005A8EDB /* Localizable.strings in Resources */,
				6DA495EE277E6D11005A8EDB /* Assets.xcassets in Resources */,
			);
			runOnlyForDeploymentPostprocessing = 0;
		};
/* End PBXResourcesBuildPhase section */

/* Begin PBXShellScriptBuildPhase section */
		26BFC09538D24B379E6771EF /* [CP] Embed Pods Frameworks */ = {
			isa = PBXShellScriptBuildPhase;
			buildActionMask = 2147483647;
			files = (
			);
			inputFileListPaths = (
				"${PODS_ROOT}/Target Support Files/Pods-swwiftui-firebase-chat/Pods-swwiftui-firebase-chat-frameworks-${CONFIGURATION}-input-files.xcfilelist",
			);
			name = "[CP] Embed Pods Frameworks";
			outputFileListPaths = (
				"${PODS_ROOT}/Target Support Files/Pods-swwiftui-firebase-chat/Pods-swwiftui-firebase-chat-frameworks-${CONFIGURATION}-output-files.xcfilelist",
			);
			runOnlyForDeploymentPostprocessing = 0;
			shellPath = /bin/sh;
			shellScript = "\"${PODS_ROOT}/Target Support Files/Pods-swwiftui-firebase-chat/Pods-swwiftui-firebase-chat-frameworks.sh\"\n";
			showEnvVarsInLog = 0;
		};
		6DA49604277E72C6005A8EDB /* ShellScript */ = {
			isa = PBXShellScriptBuildPhase;
			buildActionMask = 2147483647;
			files = (
			);
			inputFileListPaths = (
			);
			inputPaths = (
				"$TEMP_DIR/rswift-lastrun",
			);
			outputFileListPaths = (
			);
			outputPaths = (
				"$SRCROOT/swwiftui-firebase-chat/Resources/R.generated.swift",
			);
			runOnlyForDeploymentPostprocessing = 0;
			shellPath = /bin/sh;
			shellScript = "\"$PODS_ROOT/R.swift/rswift\" generate \"$SRCROOT/swwiftui-firebase-chat/Resources/R.generated.swift\"\n";
		};
		C588049FA4257348C6E4774A /* [CP] Check Pods Manifest.lock */ = {
			isa = PBXShellScriptBuildPhase;
			buildActionMask = 2147483647;
			files = (
			);
			inputFileListPaths = (
			);
			inputPaths = (
				"${PODS_PODFILE_DIR_PATH}/Podfile.lock",
				"${PODS_ROOT}/Manifest.lock",
			);
			name = "[CP] Check Pods Manifest.lock";
			outputFileListPaths = (
			);
			outputPaths = (
				"$(DERIVED_FILE_DIR)/Pods-swwiftui-firebase-chat-checkManifestLockResult.txt",
			);
			runOnlyForDeploymentPostprocessing = 0;
			shellPath = /bin/sh;
			shellScript = "diff \"${PODS_PODFILE_DIR_PATH}/Podfile.lock\" \"${PODS_ROOT}/Manifest.lock\" > /dev/null\nif [ $? != 0 ] ; then\n    # print error to STDERR\n    echo \"error: The sandbox is not in sync with the Podfile.lock. Run 'pod install' or update your CocoaPods installation.\" >&2\n    exit 1\nfi\n# This output is used by Xcode 'outputs' to avoid re-running this script phase.\necho \"SUCCESS\" > \"${SCRIPT_OUTPUT_FILE_0}\"\n";
			showEnvVarsInLog = 0;
		};
/* End PBXShellScriptBuildPhase section */

/* Begin PBXSourcesBuildPhase section */
		6DA495E2277E6D0C005A8EDB /* Sources */ = {
			isa = PBXSourcesBuildPhase;
			buildActionMask = 2147483647;
			files = (
				6D28A5822791F46100D58838 /* AuthConstants.swift in Sources */,
				6DA49610277E9835005A8EDB /* AuthViewModel.swift in Sources */,
				6D4251C6278F4D72008AC707 /* AuthInteractor.swift in Sources */,
				6D4251D9278F9CF3008AC707 /* LoadingButton.swift in Sources */,
				6D28A5852791FE7100D58838 /* UserRequest.swift in Sources */,
				6D4251E2278FB741008AC707 /* ImagePickerCoordinator.swift in Sources */,
				6D4251D5278F8EDD008AC707 /* AlertView.swift in Sources */,
				6D4251DD278FB1FE008AC707 /* FirebaseManager.swift in Sources */,
				6D28A57E2791D32C00D58838 /* AppError.swift in Sources */,
				6D4251CC278F517F008AC707 /* AuthRequest.swift in Sources */,
				6D4251C9278F4DE3008AC707 /* AuthRemoteDataSource.swift in Sources */,
				6DA49603277E7069005A8EDB /* AuthView.swift in Sources */,
				6D4251CE278F87D1008AC707 /* AuthUIState.swift in Sources */,
				6D4251E0278FB728008AC707 /* ImagePicker.swift in Sources */,
				6DA495EA277E6D0C005A8EDB /* swwiftui_firebase_chatApp.swift in Sources */,
				6D80919A278D18C2009D5498 /* R.generated.swift in Sources */,
			);
			runOnlyForDeploymentPostprocessing = 0;
		};
/* End PBXSourcesBuildPhase section */

/* Begin XCBuildConfiguration section */
		6DA495F3277E6D11005A8EDB /* Debug */ = {
			isa = XCBuildConfiguration;
			buildSettings = {
				ALWAYS_SEARCH_USER_PATHS = NO;
				CLANG_ANALYZER_NONNULL = YES;
				CLANG_ANALYZER_NUMBER_OBJECT_CONVERSION = YES_AGGRESSIVE;
				CLANG_CXX_LANGUAGE_STANDARD = "gnu++14";
				CLANG_CXX_LIBRARY = "libc++";
				CLANG_ENABLE_MODULES = YES;
				CLANG_ENABLE_OBJC_ARC = YES;
				CLANG_ENABLE_OBJC_WEAK = YES;
				CLANG_WARN_BLOCK_CAPTURE_AUTORELEASING = YES;
				CLANG_WARN_BOOL_CONVERSION = YES;
				CLANG_WARN_COMMA = YES;
				CLANG_WARN_CONSTANT_CONVERSION = YES;
				CLANG_WARN_DEPRECATED_OBJC_IMPLEMENTATIONS = YES;
				CLANG_WARN_DIRECT_OBJC_ISA_USAGE = YES_ERROR;
				CLANG_WARN_DOCUMENTATION_COMMENTS = YES;
				CLANG_WARN_EMPTY_BODY = YES;
				CLANG_WARN_ENUM_CONVERSION = YES;
				CLANG_WARN_INFINITE_RECURSION = YES;
				CLANG_WARN_INT_CONVERSION = YES;
				CLANG_WARN_NON_LITERAL_NULL_CONVERSION = YES;
				CLANG_WARN_OBJC_IMPLICIT_RETAIN_SELF = YES;
				CLANG_WARN_OBJC_LITERAL_CONVERSION = YES;
				CLANG_WARN_OBJC_ROOT_CLASS = YES_ERROR;
				CLANG_WARN_QUOTED_INCLUDE_IN_FRAMEWORK_HEADER = YES;
				CLANG_WARN_RANGE_LOOP_ANALYSIS = YES;
				CLANG_WARN_STRICT_PROTOTYPES = YES;
				CLANG_WARN_SUSPICIOUS_MOVE = YES;
				CLANG_WARN_UNGUARDED_AVAILABILITY = YES_AGGRESSIVE;
				CLANG_WARN_UNREACHABLE_CODE = YES;
				CLANG_WARN__DUPLICATE_METHOD_MATCH = YES;
				COPY_PHASE_STRIP = NO;
				DEBUG_INFORMATION_FORMAT = dwarf;
				ENABLE_STRICT_OBJC_MSGSEND = YES;
				ENABLE_TESTABILITY = YES;
				GCC_C_LANGUAGE_STANDARD = gnu11;
				GCC_DYNAMIC_NO_PIC = NO;
				GCC_NO_COMMON_BLOCKS = YES;
				GCC_OPTIMIZATION_LEVEL = 0;
				GCC_PREPROCESSOR_DEFINITIONS = (
					"DEBUG=1",
					"$(inherited)",
				);
				GCC_WARN_64_TO_32_BIT_CONVERSION = YES;
				GCC_WARN_ABOUT_RETURN_TYPE = YES_ERROR;
				GCC_WARN_UNDECLARED_SELECTOR = YES;
				GCC_WARN_UNINITIALIZED_AUTOS = YES_AGGRESSIVE;
				GCC_WARN_UNUSED_FUNCTION = YES;
				GCC_WARN_UNUSED_VARIABLE = YES;
				IPHONEOS_DEPLOYMENT_TARGET = 14.5;
				MTL_ENABLE_DEBUG_INFO = INCLUDE_SOURCE;
				MTL_FAST_MATH = YES;
				ONLY_ACTIVE_ARCH = YES;
				SDKROOT = iphoneos;
				SWIFT_ACTIVE_COMPILATION_CONDITIONS = DEBUG;
				SWIFT_OPTIMIZATION_LEVEL = "-Onone";
			};
			name = Debug;
		};
		6DA495F4277E6D11005A8EDB /* Release */ = {
			isa = XCBuildConfiguration;
			buildSettings = {
				ALWAYS_SEARCH_USER_PATHS = NO;
				CLANG_ANALYZER_NONNULL = YES;
				CLANG_ANALYZER_NUMBER_OBJECT_CONVERSION = YES_AGGRESSIVE;
				CLANG_CXX_LANGUAGE_STANDARD = "gnu++14";
				CLANG_CXX_LIBRARY = "libc++";
				CLANG_ENABLE_MODULES = YES;
				CLANG_ENABLE_OBJC_ARC = YES;
				CLANG_ENABLE_OBJC_WEAK = YES;
				CLANG_WARN_BLOCK_CAPTURE_AUTORELEASING = YES;
				CLANG_WARN_BOOL_CONVERSION = YES;
				CLANG_WARN_COMMA = YES;
				CLANG_WARN_CONSTANT_CONVERSION = YES;
				CLANG_WARN_DEPRECATED_OBJC_IMPLEMENTATIONS = YES;
				CLANG_WARN_DIRECT_OBJC_ISA_USAGE = YES_ERROR;
				CLANG_WARN_DOCUMENTATION_COMMENTS = YES;
				CLANG_WARN_EMPTY_BODY = YES;
				CLANG_WARN_ENUM_CONVERSION = YES;
				CLANG_WARN_INFINITE_RECURSION = YES;
				CLANG_WARN_INT_CONVERSION = YES;
				CLANG_WARN_NON_LITERAL_NULL_CONVERSION = YES;
				CLANG_WARN_OBJC_IMPLICIT_RETAIN_SELF = YES;
				CLANG_WARN_OBJC_LITERAL_CONVERSION = YES;
				CLANG_WARN_OBJC_ROOT_CLASS = YES_ERROR;
				CLANG_WARN_QUOTED_INCLUDE_IN_FRAMEWORK_HEADER = YES;
				CLANG_WARN_RANGE_LOOP_ANALYSIS = YES;
				CLANG_WARN_STRICT_PROTOTYPES = YES;
				CLANG_WARN_SUSPICIOUS_MOVE = YES;
				CLANG_WARN_UNGUARDED_AVAILABILITY = YES_AGGRESSIVE;
				CLANG_WARN_UNREACHABLE_CODE = YES;
				CLANG_WARN__DUPLICATE_METHOD_MATCH = YES;
				COPY_PHASE_STRIP = NO;
				DEBUG_INFORMATION_FORMAT = "dwarf-with-dsym";
				ENABLE_NS_ASSERTIONS = NO;
				ENABLE_STRICT_OBJC_MSGSEND = YES;
				GCC_C_LANGUAGE_STANDARD = gnu11;
				GCC_NO_COMMON_BLOCKS = YES;
				GCC_WARN_64_TO_32_BIT_CONVERSION = YES;
				GCC_WARN_ABOUT_RETURN_TYPE = YES_ERROR;
				GCC_WARN_UNDECLARED_SELECTOR = YES;
				GCC_WARN_UNINITIALIZED_AUTOS = YES_AGGRESSIVE;
				GCC_WARN_UNUSED_FUNCTION = YES;
				GCC_WARN_UNUSED_VARIABLE = YES;
				IPHONEOS_DEPLOYMENT_TARGET = 14.5;
				MTL_ENABLE_DEBUG_INFO = NO;
				MTL_FAST_MATH = YES;
				SDKROOT = iphoneos;
				SWIFT_COMPILATION_MODE = wholemodule;
				SWIFT_OPTIMIZATION_LEVEL = "-O";
				VALIDATE_PRODUCT = YES;
			};
			name = Release;
		};
		6DA495F6277E6D11005A8EDB /* Debug */ = {
			isa = XCBuildConfiguration;
			baseConfigurationReference = F5D1CDB4CF629192B05A2CF8 /* Pods-swwiftui-firebase-chat.debug.xcconfig */;
			buildSettings = {
				ASSETCATALOG_COMPILER_APPICON_NAME = AppIcon;
				ASSETCATALOG_COMPILER_GLOBAL_ACCENT_COLOR_NAME = AccentColor;
				CODE_SIGN_STYLE = Automatic;
				DEVELOPMENT_ASSET_PATHS = "\"swwiftui-firebase-chat/Preview Content\"";
				DEVELOPMENT_TEAM = 5VN324YR98;
				ENABLE_PREVIEWS = YES;
				INFOPLIST_FILE = "swwiftui-firebase-chat/Info.plist";
				IPHONEOS_DEPLOYMENT_TARGET = 14.0;
				LD_RUNPATH_SEARCH_PATHS = (
					"$(inherited)",
					"@executable_path/Frameworks",
				);
				PRODUCT_BUNDLE_IDENTIFIER = "com.matheusevangelista.swwiftui-firebase-chat";
				PRODUCT_NAME = "$(TARGET_NAME)";
				SWIFT_VERSION = 5.0;
				TARGETED_DEVICE_FAMILY = "1,2";
			};
			name = Debug;
		};
		6DA495F7277E6D11005A8EDB /* Release */ = {
			isa = XCBuildConfiguration;
			baseConfigurationReference = D15ED06742F44F651893B50A /* Pods-swwiftui-firebase-chat.release.xcconfig */;
			buildSettings = {
				ASSETCATALOG_COMPILER_APPICON_NAME = AppIcon;
				ASSETCATALOG_COMPILER_GLOBAL_ACCENT_COLOR_NAME = AccentColor;
				CODE_SIGN_STYLE = Automatic;
				DEVELOPMENT_ASSET_PATHS = "\"swwiftui-firebase-chat/Preview Content\"";
				DEVELOPMENT_TEAM = 5VN324YR98;
				ENABLE_PREVIEWS = YES;
				INFOPLIST_FILE = "swwiftui-firebase-chat/Info.plist";
				IPHONEOS_DEPLOYMENT_TARGET = 14.0;
				LD_RUNPATH_SEARCH_PATHS = (
					"$(inherited)",
					"@executable_path/Frameworks",
				);
				PRODUCT_BUNDLE_IDENTIFIER = "com.matheusevangelista.swwiftui-firebase-chat";
				PRODUCT_NAME = "$(TARGET_NAME)";
				SWIFT_VERSION = 5.0;
				TARGETED_DEVICE_FAMILY = "1,2";
			};
			name = Release;
		};
/* End XCBuildConfiguration section */

/* Begin XCConfigurationList section */
		6DA495E1277E6D0B005A8EDB /* Build configuration list for PBXProject "swwiftui-firebase-chat" */ = {
			isa = XCConfigurationList;
			buildConfigurations = (
				6DA495F3277E6D11005A8EDB /* Debug */,
				6DA495F4277E6D11005A8EDB /* Release */,
			);
			defaultConfigurationIsVisible = 0;
			defaultConfigurationName = Release;
		};
		6DA495F5277E6D11005A8EDB /* Build configuration list for PBXNativeTarget "swwiftui-firebase-chat" */ = {
			isa = XCConfigurationList;
			buildConfigurations = (
				6DA495F6277E6D11005A8EDB /* Debug */,
				6DA495F7277E6D11005A8EDB /* Release */,
			);
			defaultConfigurationIsVisible = 0;
			defaultConfigurationName = Release;
		};
/* End XCConfigurationList section */
	};
	rootObject = 6DA495DE277E6D0B005A8EDB /* Project object */;
}
